{
  "name": "test-typescript",
  "version": "1.0.0",
  "lockfileVersion": 3,
  "requires": true,
  "packages": {
    "": {
      "name": "test-typescript",
      "version": "1.0.0",
      "dependencies": {
        "scroll-snap-slider": "file:../.."
      },
      "devDependencies": {
        "@types/node": "^25.2.2",
        "typescript": "^5.9.3"
      }
    },
    "../..": {
      "version": "3.3.3",
      "license": "MIT",
      "devDependencies": {
        "@microsoft/api-extractor": "^7.56.3",
        "@types/node": "^25.2.2",
        "@typescript-eslint/eslint-plugin": "^8.54.0",
        "@typescript-eslint/parser": "^8.54.0",
        "bash-echolorized": "^1.0.1",
        "core-js": "^3.48.0",
        "terser": "^5.46.0",
        "typedoc": "^0.28.16",
        "typescript": "^5.9.3",
        "unplugin-dts": "1.0.0-beta.0",
        "vite": "7.1.11"
      }
    },
    "node_modules/@types/node": {
      "version": "25.2.2",
      "resolved": "https://registry.npmjs.org/@types/node/-/node-25.2.2.tgz",
      "integrity": "sha512-BkmoP5/FhRYek5izySdkOneRyXYN35I860MFAGupTdebyE66uZaR+bXLHq8k4DirE5DwQi3NuhvRU1jqTVwUrQ==",
      "dev": true,
      "license": "MIT",
      "dependencies": {
        "undici-types": "~7.16.0"
      }
    },
    "node_modules/scroll-snap-slider": {
      "resolved": "../..",
      "link": true
    },
    "node_modules/typescript": {
      "version": "5.9.3",
      "resolved": "https://registry.npmjs.org/typescript/-/typescript-5.9.3.tgz",
      "integrity": "sha512-jl1vZzPDinLr9eUt3J/t7V6FgNEw9QjvBPdysz9KfQDD41fQrC2Y4vKQdiaUpFT4bXlb1RHhLpp8wtm6M5TgSw==",
      "dev": true,
      "license": "Apache-2.0",
      "bin": {
        "tsc": "bin/tsc",
        "tsserver": "bin/tsserver"
      },
      "engines": {
        "node": ">=14.17"
      }
    },
    "node_modules/undici-types": {
      "version": "7.16.0",
      "resolved": "https://registry.npmjs.org/undici-types/-/undici-types-7.16.0.tgz",
      "integrity": "sha512-Zz+aZWSj8LE6zoxD+xrjh4VfkIG8Ya6LvYkZqtUQGJPZjYl53ypCaUwWqo7eI0x66KBGeRo+mlBEkMSeSZ38Nw==",
      "dev": true,
      "license": "MIT"
    }
  }
}
