{
  "name": "test-cjs",
  "version": "1.0.0",
  "lockfileVersion": 3,
  "requires": true,
  "packages": {
    "": {
      "name": "test-cjs",
      "version": "1.0.0",
      "dependencies": {
        "scroll-snap-slider": "file:../.."
      }
    },
    "../..": {
      "version": "3.3.3",
      "license": "MIT",
      "devDependencies": {
        "@microsoft/api-extractor": "^7.56.3",
        "@types/node": "^25.2.2",
        "@typescript-eslint/eslint-plugin": "^8.54.0",
        "@typescript-eslint/parser": "^8.54.0",
        "bash-echolorized": "^1.0.1",
        "core-js": "^3.48.0",
        "terser": "^5.46.0",
        "typedoc": "^0.28.16",
        "typescript": "^5.9.3",
        "unplugin-dts": "1.0.0-beta.0",
        "vite": "7.1.11"
      }
    },
    "node_modules/scroll-snap-slider": {
      "resolved": "../..",
      "link": true
    }
  }
}
